// !$*UTF8*$!
{
	archiveVersion = 1;
	classes = {
	};
	objectVersion = 46;
	objects = {

/* Begin PBXBuildFile section */
		6819067A1DBAA94600608D56 /* Assets.xcassets in Resources */ = {isa = PBXBuildFile; fileRef = 681906791DBAA94600608D56 /* Assets.xcassets */; };
		681906811DBAA94600608D56 /* MessagesExtension.appex in Embed App Extensions */ = {isa = PBXBuildFile; fileRef = 681906801DBAA94600608D56 /* MessagesExtension.appex */; settings = {ATTRIBUTES = (RemoveHeadersOnCopy, ); }; };
		681906861DBAA94600608D56 /* Messages.framework in Frameworks */ = {isa = PBXBuildFile; fileRef = 681906851DBAA94600608D56 /* Messages.framework */; };
		681906891DBAA94600608D56 /* MessagesViewController.swift in Sources */ = {isa = PBXBuildFile; fileRef = 681906881DBAA94600608D56 /* MessagesViewController.swift */; };
		6819068C1DBAA94600608D56 /* MainInterface.storyboard in Resources */ = {isa = PBXBuildFile; fileRef = 6819068A1DBAA94600608D56 /* MainInterface.storyboard */; };
		6819069A1DBAB0E900608D56 /* MapTileSet.sks in Resources */ = {isa = PBXBuildFile; fileRef = 681906991DBAB0E900608D56 /* MapTileSet.sks */; };
		682873151DC54D140086788E /* MinionEntity.swift in Sources */ = {isa = PBXBuildFile; fileRef = 682873141DC54D140086788E /* MinionEntity.swift */; };
		682873171DC54E8F0086788E /* SpriteComponent.swift in Sources */ = {isa = PBXBuildFile; fileRef = 682873161DC54E8F0086788E /* SpriteComponent.swift */; };
		6828731D1DC553550086788E /* PathFollowingBehavior.swift in Sources */ = {isa = PBXBuildFile; fileRef = 6828731C1DC553550086788E /* PathFollowingBehavior.swift */; };
		6828731F1DC555720086788E /* MoveComponent.swift in Sources */ = {isa = PBXBuildFile; fileRef = 6828731E1DC555720086788E /* MoveComponent.swift */; };
		686362E11DBE9E22001D5700 /* MapScene.sks in Resources */ = {isa = PBXBuildFile; fileRef = 686362E01DBE9E22001D5700 /* MapScene.sks */; };
		686F0CA91DC57A4C0023CA7A /* EntityManager.swift in Sources */ = {isa = PBXBuildFile; fileRef = 686F0CA81DC57A4C0023CA7A /* EntityManager.swift */; };
		6871C3621DC51B7B0048EBF3 /* GameScene.swift in Sources */ = {isa = PBXBuildFile; fileRef = 6871C3611DC51B7B0048EBF3 /* GameScene.swift */; };
		6871C3641DC520030048EBF3 /* MinionTileSet.sks in Resources */ = {isa = PBXBuildFile; fileRef = 6871C3631DC520030048EBF3 /* MinionTileSet.sks */; };
		6871C3651DC528FA0048EBF3 /* Assets.xcassets in Resources */ = {isa = PBXBuildFile; fileRef = 681906791DBAA94600608D56 /* Assets.xcassets */; };
		689055261DD0E8DA0003272B /* DebugOverlay.swift in Sources */ = {isa = PBXBuildFile; fileRef = 689055251DD0E8DA0003272B /* DebugOverlay.swift */; };
		68E3575B1DC57CA100046460 /* Assets.xcassets in Resources */ = {isa = PBXBuildFile; fileRef = 68E3575A1DC57CA100046460 /* Assets.xcassets */; };
/* End PBXBuildFile section */

/* Begin PBXContainerItemProxy section */
		681906821DBAA94600608D56 /* PBXContainerItemProxy */ = {
			isa = PBXContainerItemProxy;
			containerPortal = 681906701DBAA94600608D56 /* Project object */;
			proxyType = 1;
			remoteGlobalIDString = 6819067F1DBAA94600608D56;
			remoteInfo = MessagesExtension;
		};
/* End PBXContainerItemProxy section */

/* Begin PBXCopyFilesBuildPhase section */
		681906951DBAA94600608D56 /* Embed App Extensions */ = {
			isa = PBXCopyFilesBuildPhase;
			buildActionMask = 2147483647;
			dstPath = "";
			dstSubfolderSpec = 13;
			files = (
				681906811DBAA94600608D56 /* MessagesExtension.appex in Embed App Extensions */,
			);
			name = "Embed App Extensions";
			runOnlyForDeploymentPostprocessing = 0;
		};
/* End PBXCopyFilesBuildPhase section */

/* Begin PBXFileReference section */
		681906761DBAA94600608D56 /* Dino Defense.app */ = {isa = PBXFileReference; explicitFileType = wrapper.application; includeInIndex = 0; path = "Dino Defense.app"; sourceTree = BUILT_PRODUCTS_DIR; };
		681906791DBAA94600608D56 /* Assets.xcassets */ = {isa = PBXFileReference; lastKnownFileType = folder.assetcatalog; path = Assets.xcassets; sourceTree = "<group>"; };
		6819067B1DBAA94600608D56 /* Info.plist */ = {isa = PBXFileReference; lastKnownFileType = text.plist.xml; path = Info.plist; sourceTree = "<group>"; };
		681906801DBAA94600608D56 /* MessagesExtension.appex */ = {isa = PBXFileReference; explicitFileType = "wrapper.app-extension"; includeInIndex = 0; path = MessagesExtension.appex; sourceTree = BUILT_PRODUCTS_DIR; };
		681906851DBAA94600608D56 /* Messages.framework */ = {isa = PBXFileReference; lastKnownFileType = wrapper.framework; name = Messages.framework; path = System/Library/Frameworks/Messages.framework; sourceTree = SDKROOT; };
		681906881DBAA94600608D56 /* MessagesViewController.swift */ = {isa = PBXFileReference; lastKnownFileType = sourcecode.swift; path = MessagesViewController.swift; sourceTree = "<group>"; };
		6819068B1DBAA94600608D56 /* Base */ = {isa = PBXFileReference; lastKnownFileType = file.storyboard; name = Base; path = Base.lproj/MainInterface.storyboard; sourceTree = "<group>"; };
		6819068F1DBAA94600608D56 /* Info.plist */ = {isa = PBXFileReference; lastKnownFileType = text.plist.xml; path = Info.plist; sourceTree = "<group>"; };
		681906991DBAB0E900608D56 /* MapTileSet.sks */ = {isa = PBXFileReference; lastKnownFileType = file.sks; path = MapTileSet.sks; sourceTree = "<group>"; };
		682873141DC54D140086788E /* MinionEntity.swift */ = {isa = PBXFileReference; fileEncoding = 4; lastKnownFileType = sourcecode.swift; path = MinionEntity.swift; sourceTree = "<group>"; };
		682873161DC54E8F0086788E /* SpriteComponent.swift */ = {isa = PBXFileReference; fileEncoding = 4; lastKnownFileType = sourcecode.swift; path = SpriteComponent.swift; sourceTree = "<group>"; };
		6828731C1DC553550086788E /* PathFollowingBehavior.swift */ = {isa = PBXFileReference; fileEncoding = 4; lastKnownFileType = sourcecode.swift; path = PathFollowingBehavior.swift; sourceTree = "<group>"; };
		6828731E1DC555720086788E /* MoveComponent.swift */ = {isa = PBXFileReference; fileEncoding = 4; lastKnownFileType = sourcecode.swift; path = MoveComponent.swift; sourceTree = "<group>"; };
		686362E01DBE9E22001D5700 /* MapScene.sks */ = {isa = PBXFileReference; lastKnownFileType = file.sks; path = MapScene.sks; sourceTree = "<group>"; };
		686F0CA81DC57A4C0023CA7A /* EntityManager.swift */ = {isa = PBXFileReference; fileEncoding = 4; lastKnownFileType = sourcecode.swift; path = EntityManager.swift; sourceTree = "<group>"; };
		6871C3611DC51B7B0048EBF3 /* GameScene.swift */ = {isa = PBXFileReference; fileEncoding = 4; lastKnownFileType = sourcecode.swift; path = GameScene.swift; sourceTree = "<group>"; };
		6871C3631DC520030048EBF3 /* MinionTileSet.sks */ = {isa = PBXFileReference; lastKnownFileType = file.sks; path = MinionTileSet.sks; sourceTree = "<group>"; };
		689055251DD0E8DA0003272B /* DebugOverlay.swift */ = {isa = PBXFileReference; fileEncoding = 4; lastKnownFileType = sourcecode.swift; path = DebugOverlay.swift; sourceTree = "<group>"; };
		68E3575A1DC57CA100046460 /* Assets.xcassets */ = {isa = PBXFileReference; lastKnownFileType = folder.assetcatalog; path = Assets.xcassets; sourceTree = "<group>"; };
/* End PBXFileReference section */

/* Begin PBXFrameworksBuildPhase section */
		6819067D1DBAA94600608D56 /* Frameworks */ = {
			isa = PBXFrameworksBuildPhase;
			buildActionMask = 2147483647;
			files = (
				681906861DBAA94600608D56 /* Messages.framework in Frameworks */,
			);
			runOnlyForDeploymentPostprocessing = 0;
		};
/* End PBXFrameworksBuildPhase section */

/* Begin PBXGroup section */
		6819066F1DBAA94600608D56 = {
			isa = PBXGroup;
			children = (
				681906781DBAA94600608D56 /* Dino Defense */,
				681906871DBAA94600608D56 /* MessagesExtension */,
				681906841DBAA94600608D56 /* Frameworks */,
				681906771DBAA94600608D56 /* Products */,
			);
			sourceTree = "<group>";
		};
		681906771DBAA94600608D56 /* Products */ = {
			isa = PBXGroup;
			children = (
				681906761DBAA94600608D56 /* Dino Defense.app */,
				681906801DBAA94600608D56 /* MessagesExtension.appex */,
			);
			name = Products;
			sourceTree = "<group>";
		};
		681906781DBAA94600608D56 /* Dino Defense */ = {
			isa = PBXGroup;
			children = (
				681906791DBAA94600608D56 /* Assets.xcassets */,
				6819067B1DBAA94600608D56 /* Info.plist */,
			);
			path = "Dino Defense";
			sourceTree = "<group>";
		};
		681906841DBAA94600608D56 /* Frameworks */ = {
			isa = PBXGroup;
			children = (
				681906851DBAA94600608D56 /* Messages.framework */,
			);
			name = Frameworks;
			sourceTree = "<group>";
		};
		681906871DBAA94600608D56 /* MessagesExtension */ = {
			isa = PBXGroup;
			children = (
				68E3575A1DC57CA100046460 /* Assets.xcassets */,
				6828731A1DC551920086788E /* Components */,
				689055251DD0E8DA0003272B /* DebugOverlay.swift */,
				6828731B1DC5519F0086788E /* Entities */,
				6871C3611DC51B7B0048EBF3 /* GameScene.swift */,
				6819068F1DBAA94600608D56 /* Info.plist */,
				6819068A1DBAA94600608D56 /* MainInterface.storyboard */,
				686362E01DBE9E22001D5700 /* MapScene.sks */,
				681906991DBAB0E900608D56 /* MapTileSet.sks */,
				681906881DBAA94600608D56 /* MessagesViewController.swift */,
				6871C3631DC520030048EBF3 /* MinionTileSet.sks */,
			);
			path = MessagesExtension;
			sourceTree = "<group>";
		};
		6828731A1DC551920086788E /* Components */ = {
			isa = PBXGroup;
			children = (
				6828731E1DC555720086788E /* MoveComponent.swift */,
				6828731C1DC553550086788E /* PathFollowingBehavior.swift */,
				682873161DC54E8F0086788E /* SpriteComponent.swift */,
			);
			name = Components;
			sourceTree = "<group>";
		};
		6828731B1DC5519F0086788E /* Entities */ = {
			isa = PBXGroup;
			children = (
				686F0CA81DC57A4C0023CA7A /* EntityManager.swift */,
				682873141DC54D140086788E /* MinionEntity.swift */,
			);
			name = Entities;
			sourceTree = "<group>";
		};
/* End PBXGroup section */

/* Begin PBXNativeTarget section */
		681906751DBAA94600608D56 /* Dino Defense */ = {
			isa = PBXNativeTarget;
			buildConfigurationList = 681906961DBAA94600608D56 /* Build configuration list for PBXNativeTarget "Dino Defense" */;
			buildPhases = (
				681906741DBAA94600608D56 /* Resources */,
				681906951DBAA94600608D56 /* Embed App Extensions */,
			);
			buildRules = (
			);
			dependencies = (
				681906831DBAA94600608D56 /* PBXTargetDependency */,
			);
			name = "Dino Defense";
			productName = "Dino Defense";
			productReference = 681906761DBAA94600608D56 /* Dino Defense.app */;
			productType = "com.apple.product-type.application.messages";
		};
		6819067F1DBAA94600608D56 /* MessagesExtension */ = {
			isa = PBXNativeTarget;
			buildConfigurationList = 681906921DBAA94600608D56 /* Build configuration list for PBXNativeTarget "MessagesExtension" */;
			buildPhases = (
				6871C3671DC5300A0048EBF3 /* ShellScript */,
				6819067C1DBAA94600608D56 /* Sources */,
				6819067D1DBAA94600608D56 /* Frameworks */,
				6819067E1DBAA94600608D56 /* Resources */,
			);
			buildRules = (
			);
			dependencies = (
			);
			name = MessagesExtension;
			productName = MessagesExtension;
			productReference = 681906801DBAA94600608D56 /* MessagesExtension.appex */;
			productType = "com.apple.product-type.app-extension.messages";
		};
/* End PBXNativeTarget section */

/* Begin PBXProject section */
		681906701DBAA94600608D56 /* Project object */ = {
			isa = PBXProject;
			attributes = {
				LastSwiftUpdateCheck = 0800;
				LastUpgradeCheck = 0810;
				ORGANIZATIONNAME = "Garrett Davidson";
				TargetAttributes = {
					681906751DBAA94600608D56 = {
						CreatedOnToolsVersion = 8.0;
						DevelopmentTeam = FL8523SFDK;
						ProvisioningStyle = Automatic;
					};
					6819067F1DBAA94600608D56 = {
						CreatedOnToolsVersion = 8.0;
						DevelopmentTeam = FL8523SFDK;
						ProvisioningStyle = Automatic;
					};
				};
			};
			buildConfigurationList = 681906731DBAA94600608D56 /* Build configuration list for PBXProject "Dino Defense" */;
			compatibilityVersion = "Xcode 3.2";
			developmentRegion = English;
			hasScannedForEncodings = 0;
			knownRegions = (
				en,
				Base,
			);
			mainGroup = 6819066F1DBAA94600608D56;
			productRefGroup = 681906771DBAA94600608D56 /* Products */;
			projectDirPath = "";
			projectRoot = "";
			targets = (
				681906751DBAA94600608D56 /* Dino Defense */,
				6819067F1DBAA94600608D56 /* MessagesExtension */,
			);
		};
/* End PBXProject section */

/* Begin PBXResourcesBuildPhase section */
		681906741DBAA94600608D56 /* Resources */ = {
			isa = PBXResourcesBuildPhase;
			buildActionMask = 2147483647;
			files = (
				6819067A1DBAA94600608D56 /* Assets.xcassets in Resources */,
			);
			runOnlyForDeploymentPostprocessing = 0;
		};
		6819067E1DBAA94600608D56 /* Resources */ = {
			isa = PBXResourcesBuildPhase;
			buildActionMask = 2147483647;
			files = (
				6819069A1DBAB0E900608D56 /* MapTileSet.sks in Resources */,
				6871C3641DC520030048EBF3 /* MinionTileSet.sks in Resources */,
				6819068C1DBAA94600608D56 /* MainInterface.storyboard in Resources */,
				6871C3651DC528FA0048EBF3 /* Assets.xcassets in Resources */,
				68E3575B1DC57CA100046460 /* Assets.xcassets in Resources */,
				686362E11DBE9E22001D5700 /* MapScene.sks in Resources */,
			);
			runOnlyForDeploymentPostprocessing = 0;
		};
/* End PBXResourcesBuildPhase section */

/* Begin PBXShellScriptBuildPhase section */
		6871C3671DC5300A0048EBF3 /* ShellScript */ = {
			isa = PBXShellScriptBuildPhase;
			buildActionMask = 2147483647;
			files = (
			);
			inputPaths = (
			);
			outputPaths = (
			);
			runOnlyForDeploymentPostprocessing = 0;
			shellPath = /bin/sh;
			shellScript = "if which swiftlint >/dev/null; then\n    if [ -f .swiftlint.yml ]; then\n        swiftlint\n    else\n        echo \"warning: Could not find swiftlint configuration\"\n    fi\n\nelse\n    echo \"warning: SwiftLint not installed, download from https://github.com/realm/SwiftLint\"\nfi\nexit 0";
		};
/* End PBXShellScriptBuildPhase section */

/* Begin PBXSourcesBuildPhase section */
		6819067C1DBAA94600608D56 /* Sources */ = {
			isa = PBXSourcesBuildPhase;
			buildActionMask = 2147483647;
			files = (
				682873171DC54E8F0086788E /* SpriteComponent.swift in Sources */,
				686F0CA91DC57A4C0023CA7A /* EntityManager.swift in Sources */,
				682873151DC54D140086788E /* MinionEntity.swift in Sources */,
				6828731F1DC555720086788E /* MoveComponent.swift in Sources */,
				6828731D1DC553550086788E /* PathFollowingBehavior.swift in Sources */,
				6871C3621DC51B7B0048EBF3 /* GameScene.swift in Sources */,
				689055261DD0E8DA0003272B /* DebugOverlay.swift in Sources */,
				681906891DBAA94600608D56 /* MessagesViewController.swift in Sources */,
			);
			runOnlyForDeploymentPostprocessing = 0;
		};
/* End PBXSourcesBuildPhase section */

/* Begin PBXTargetDependency section */
		681906831DBAA94600608D56 /* PBXTargetDependency */ = {
			isa = PBXTargetDependency;
			target = 6819067F1DBAA94600608D56 /* MessagesExtension */;
			targetProxy = 681906821DBAA94600608D56 /* PBXContainerItemProxy */;
		};
/* End PBXTargetDependency section */

/* Begin PBXVariantGroup section */
		6819068A1DBAA94600608D56 /* MainInterface.storyboard */ = {
			isa = PBXVariantGroup;
			children = (
				6819068B1DBAA94600608D56 /* Base */,
			);
			name = MainInterface.storyboard;
			sourceTree = "<group>";
		};
/* End PBXVariantGroup section */

/* Begin XCBuildConfiguration section */
		681906901DBAA94600608D56 /* Debug */ = {
			isa = XCBuildConfiguration;
			buildSettings = {
				ALWAYS_SEARCH_USER_PATHS = NO;
				CLANG_ANALYZER_NONNULL = YES;
				CLANG_CXX_LANGUAGE_STANDARD = "gnu++0x";
				CLANG_CXX_LIBRARY = "libc++";
				CLANG_ENABLE_MODULES = YES;
				CLANG_ENABLE_OBJC_ARC = YES;
				CLANG_WARN_BOOL_CONVERSION = YES;
				CLANG_WARN_CONSTANT_CONVERSION = YES;
				CLANG_WARN_DIRECT_OBJC_ISA_USAGE = YES_ERROR;
				CLANG_WARN_DOCUMENTATION_COMMENTS = YES;
				CLANG_WARN_EMPTY_BODY = YES;
				CLANG_WARN_ENUM_CONVERSION = YES;
				CLANG_WARN_INFINITE_RECURSION = YES;
				CLANG_WARN_INT_CONVERSION = YES;
				CLANG_WARN_OBJC_ROOT_CLASS = YES_ERROR;
				CLANG_WARN_SUSPICIOUS_MOVE = YES;
				CLANG_WARN_SUSPICIOUS_MOVES = YES;
				CLANG_WARN_UNREACHABLE_CODE = YES;
				CLANG_WARN__DUPLICATE_METHOD_MATCH = YES;
				"CODE_SIGN_IDENTITY[sdk=iphoneos*]" = "iPhone Developer";
				COPY_PHASE_STRIP = NO;
				DEBUG_INFORMATION_FORMAT = dwarf;
				ENABLE_STRICT_OBJC_MSGSEND = YES;
				ENABLE_TESTABILITY = YES;
				GCC_C_LANGUAGE_STANDARD = gnu99;
				GCC_DYNAMIC_NO_PIC = NO;
				GCC_NO_COMMON_BLOCKS = YES;
				GCC_OPTIMIZATION_LEVEL = 0;
				GCC_PREPROCESSOR_DEFINITIONS = (
					"DEBUG=1",
					"$(inherited)",
				);
				GCC_WARN_64_TO_32_BIT_CONVERSION = YES;
				GCC_WARN_ABOUT_RETURN_TYPE = YES_ERROR;
				GCC_WARN_UNDECLARED_SELECTOR = YES;
				GCC_WARN_UNINITIALIZED_AUTOS = YES_AGGRESSIVE;
				GCC_WARN_UNUSED_FUNCTION = YES;
				GCC_WARN_UNUSED_VARIABLE = YES;
				IPHONEOS_DEPLOYMENT_TARGET = 10.0;
				MTL_ENABLE_DEBUG_INFO = YES;
				ONLY_ACTIVE_ARCH = YES;
				SDKROOT = iphoneos;
				SWIFT_ACTIVE_COMPILATION_CONDITIONS = DEBUG;
				SWIFT_OPTIMIZATION_LEVEL = "-Onone";
			};
			name = Debug;
		};
		681906911DBAA94600608D56 /* Release */ = {
			isa = XCBuildConfiguration;
			buildSettings = {
				ALWAYS_SEARCH_USER_PATHS = NO;
				CLANG_ANALYZER_NONNULL = YES;
				CLANG_CXX_LANGUAGE_STANDARD = "gnu++0x";
				CLANG_CXX_LIBRARY = "libc++";
				CLANG_ENABLE_MODULES = YES;
				CLANG_ENABLE_OBJC_ARC = YES;
				CLANG_WARN_BOOL_CONVERSION = YES;
				CLANG_WARN_CONSTANT_CONVERSION = YES;
				CLANG_WARN_DIRECT_OBJC_ISA_USAGE = YES_ERROR;
				CLANG_WARN_DOCUMENTATION_COMMENTS = YES;
				CLANG_WARN_EMPTY_BODY = YES;
				CLANG_WARN_ENUM_CONVERSION = YES;
				CLANG_WARN_INFINITE_RECURSION = YES;
				CLANG_WARN_INT_CONVERSION = YES;
				CLANG_WARN_OBJC_ROOT_CLASS = YES_ERROR;
				CLANG_WARN_SUSPICIOUS_MOVE = YES;
				CLANG_WARN_SUSPICIOUS_MOVES = YES;
				CLANG_WARN_UNREACHABLE_CODE = YES;
				CLANG_WARN__DUPLICATE_METHOD_MATCH = YES;
				"CODE_SIGN_IDENTITY[sdk=iphoneos*]" = "iPhone Developer";
				COPY_PHASE_STRIP = NO;
				DEBUG_INFORMATION_FORMAT = "dwarf-with-dsym";
				ENABLE_NS_ASSERTIONS = NO;
				ENABLE_STRICT_OBJC_MSGSEND = YES;
				GCC_C_LANGUAGE_STANDARD = gnu99;
				GCC_NO_COMMON_BLOCKS = YES;
				GCC_WARN_64_TO_32_BIT_CONVERSION = YES;
				GCC_WARN_ABOUT_RETURN_TYPE = YES_ERROR;
				GCC_WARN_UNDECLARED_SELECTOR = YES;
				GCC_WARN_UNINITIALIZED_AUTOS = YES_AGGRESSIVE;
				GCC_WARN_UNUSED_FUNCTION = YES;
				GCC_WARN_UNUSED_VARIABLE = YES;
				IPHONEOS_DEPLOYMENT_TARGET = 10.0;
				MTL_ENABLE_DEBUG_INFO = NO;
				SDKROOT = iphoneos;
				SWIFT_OPTIMIZATION_LEVEL = "-Owholemodule";
				VALIDATE_PRODUCT = YES;
			};
			name = Release;
		};
		681906931DBAA94600608D56 /* Debug */ = {
			isa = XCBuildConfiguration;
			buildSettings = {
				ASSETCATALOG_COMPILER_APPICON_NAME = "iMessage App Icon";
				DEVELOPMENT_TEAM = FL8523SFDK;
				INFOPLIST_FILE = MessagesExtension/Info.plist;
				LD_RUNPATH_SEARCH_PATHS = "$(inherited) @executable_path/Frameworks @executable_path/../../Frameworks";
				PRODUCT_BUNDLE_IDENTIFIER = "garrettdavidson.Dino-Defense.MessagesExtension";
				PRODUCT_NAME = "$(TARGET_NAME)";
				SKIP_INSTALL = YES;
				SWIFT_VERSION = 3.0;
			};
			name = Debug;
		};
		681906941DBAA94600608D56 /* Release */ = {
			isa = XCBuildConfiguration;
			buildSettings = {
				ASSETCATALOG_COMPILER_APPICON_NAME = "iMessage App Icon";
				DEVELOPMENT_TEAM = FL8523SFDK;
				INFOPLIST_FILE = MessagesExtension/Info.plist;
				LD_RUNPATH_SEARCH_PATHS = "$(inherited) @executable_path/Frameworks @executable_path/../../Frameworks";
				PRODUCT_BUNDLE_IDENTIFIER = "garrettdavidson.Dino-Defense.MessagesExtension";
				PRODUCT_NAME = "$(TARGET_NAME)";
				SKIP_INSTALL = YES;
				SWIFT_VERSION = 3.0;
			};
			name = Release;
		};
		681906971DBAA94600608D56 /* Debug */ = {
			isa = XCBuildConfiguration;
			buildSettings = {
				ALWAYS_EMBED_SWIFT_STANDARD_LIBRARIES = YES;
				ASSETCATALOG_COMPILER_APPICON_NAME = AppIcon;
				DEVELOPMENT_TEAM = FL8523SFDK;
				INFOPLIST_FILE = "Dino Defense/Info.plist";
				PRODUCT_BUNDLE_IDENTIFIER = "garrettdavidson.Dino-Defense";
				PRODUCT_NAME = "$(TARGET_NAME)";
				SWIFT_VERSION = 3.0;
				TARGETED_DEVICE_FAMILY = "1,2";
			};
			name = Debug;
		};
		681906981DBAA94600608D56 /* Release */ = {
			isa = XCBuildConfiguration;
			buildSettings = {
				ALWAYS_EMBED_SWIFT_STANDARD_LIBRARIES = YES;
				ASSETCATALOG_COMPILER_APPICON_NAME = AppIcon;
				DEVELOPMENT_TEAM = FL8523SFDK;
				INFOPLIST_FILE = "Dino Defense/Info.plist";
				PRODUCT_BUNDLE_IDENTIFIER = "garrettdavidson.Dino-Defense";
				PRODUCT_NAME = "$(TARGET_NAME)";
				SWIFT_VERSION = 3.0;
				TARGETED_DEVICE_FAMILY = "1,2";
			};
			name = Release;
		};
/* End XCBuildConfiguration section */

/* Begin XCConfigurationList section */
		681906731DBAA94600608D56 /* Build configuration list for PBXProject "Dino Defense" */ = {
			isa = XCConfigurationList;
			buildConfigurations = (
				681906901DBAA94600608D56 /* Debug */,
				681906911DBAA94600608D56 /* Release */,
			);
			defaultConfigurationIsVisible = 0;
			defaultConfigurationName = Release;
		};
		681906921DBAA94600608D56 /* Build configuration list for PBXNativeTarget "MessagesExtension" */ = {
			isa = XCConfigurationList;
			buildConfigurations = (
				681906931DBAA94600608D56 /* Debug */,
				681906941DBAA94600608D56 /* Release */,
			);
			defaultConfigurationIsVisible = 0;
			defaultConfigurationName = Release;
		};
		681906961DBAA94600608D56 /* Build configuration list for PBXNativeTarget "Dino Defense" */ = {
			isa = XCConfigurationList;
			buildConfigurations = (
				681906971DBAA94600608D56 /* Debug */,
				681906981DBAA94600608D56 /* Release */,
			);
			defaultConfigurationIsVisible = 0;
			defaultConfigurationName = Release;
		};
/* End XCConfigurationList section */
	};
	rootObject = 681906701DBAA94600608D56 /* Project object */;
}
